
Microsoft Visual Studio Solution File, Format Version 12.00
# Visual Studio Version 16
VisualStudioVersion = 16.0.29911.84
MinimumVisualStudioVersion = 10.0.40219.1
Project("{FAE04EC0-301F-11D3-BF4B-00C04F79EFBC}") = "ClusterViewer", "ClusterUI\ClusterViewer.csproj", "{D523AAE3-4FCD-4B2A-B609-5E71F80A4CC8}"
EndProject
Project("{9A19103F-16F7-4668-BE54-9A1E7A4F7556}") = "ClusterFilterConsole", "ClusterFilterConsole\ClusterFilterConsole.csproj", "{F70D7241-CEA9-44F4-A7E4-EFC13DD7842F}"
EndProject
Project("{FAE04EC0-301F-11D3-BF4B-00C04F79EFBC}") = "ClusterFilter", "ClusterFilter\ClusterFilter.csproj", "{DC502441-3410-4D15-BEAE-CAB6D6871D2D}"
EndProject
Project("{FAE04EC0-301F-11D3-BF4B-00C04F79EFBC}") = "ClusterDescriptionGen", "ClusterDescriptionGen\ClusterDescriptionGen.csproj", "{4B2F6CCA-57ED-4C8B-BBDF-F03614E525A8}"
EndProject
Project("{FAE04EC0-301F-11D3-BF4B-00C04F79EFBC}") = "ClassifierForClusters", "ClassifierForClusters\ClassifierForClusters.csproj", "{6D8F2F2A-9011-4880-A15D-413033B33A34}"
EndProject
Project("{FAE04EC0-301F-11D3-BF4B-00C04F79EFBC}") = "ClusterCalculator", "ClCalculator\ClusterCalculator.csproj", "{EA18B5CF-5E61-45A1-B5C3-3349F93E999D}"
EndProject
Project("{FAE04EC0-301F-11D3-BF4B-00C04F79EFBC}") = "ClassificationExperiment", "ClassificationExperiment\ClassificationExperiment.csproj", "{A2C734B8-5632-4F93-BB22-B093F7710B74}"
EndProject
Global
	GlobalSection(SolutionConfigurationPlatforms) = preSolution
		Debug|Any CPU = Debug|Any CPU
		Release|Any CPU = Release|Any CPU
	EndGlobalSection
	GlobalSection(ProjectConfigurationPlatforms) = postSolution
		{D523AAE3-4FCD-4B2A-B609-5E71F80A4CC8}.Debug|Any CPU.ActiveCfg = Debug|Any CPU
		{D523AAE3-4FCD-4B2A-B609-5E71F80A4CC8}.Debug|Any CPU.Build.0 = Debug|Any CPU
		{D523AAE3-4FCD-4B2A-B609-5E71F80A4CC8}.Release|Any CPU.ActiveCfg = Release|Any CPU
		{D523AAE3-4FCD-4B2A-B609-5E71F80A4CC8}.Release|Any CPU.Build.0 = Release|Any CPU
		{F70D7241-CEA9-44F4-A7E4-EFC13DD7842F}.Debug|Any CPU.ActiveCfg = Debug|Any CPU
		{F70D7241-CEA9-44F4-A7E4-EFC13DD7842F}.Debug|Any CPU.Build.0 = Debug|Any CPU
		{F70D7241-CEA9-44F4-A7E4-EFC13DD7842F}.Release|Any CPU.ActiveCfg = Release|Any CPU
		{F70D7241-CEA9-44F4-A7E4-EFC13DD7842F}.Release|Any CPU.Build.0 = Release|Any CPU
		{DC502441-3410-4D15-BEAE-CAB6D6871D2D}.Debug|Any CPU.ActiveCfg = Debug|Any CPU
		{DC502441-3410-4D15-BEAE-CAB6D6871D2D}.Debug|Any CPU.Build.0 = Debug|Any CPU
		{DC502441-3410-4D15-BEAE-CAB6D6871D2D}.Release|Any CPU.ActiveCfg = Release|Any CPU
		{DC502441-3410-4D15-BEAE-CAB6D6871D2D}.Release|Any CPU.Build.0 = Release|Any CPU
		{4B2F6CCA-57ED-4C8B-BBDF-F03614E525A8}.Debug|Any CPU.ActiveCfg = Debug|Any CPU
		{4B2F6CCA-57ED-4C8B-BBDF-F03614E525A8}.Debug|Any CPU.Build.0 = Debug|Any CPU
		{4B2F6CCA-57ED-4C8B-BBDF-F03614E525A8}.Release|Any CPU.ActiveCfg = Release|Any CPU
		{4B2F6CCA-57ED-4C8B-BBDF-F03614E525A8}.Release|Any CPU.Build.0 = Release|Any CPU
		{6D8F2F2A-9011-4880-A15D-413033B33A34}.Debug|Any CPU.ActiveCfg = Debug|Any CPU
		{6D8F2F2A-9011-4880-A15D-413033B33A34}.Debug|Any CPU.Build.0 = Debug|Any CPU
		{6D8F2F2A-9011-4880-A15D-413033B33A34}.Release|Any CPU.ActiveCfg = Release|Any CPU
		{6D8F2F2A-9011-4880-A15D-413033B33A34}.Release|Any CPU.Build.0 = Release|Any CPU
		{EA18B5CF-5E61-45A1-B5C3-3349F93E999D}.Debug|Any CPU.ActiveCfg = Debug|Any CPU
		{EA18B5CF-5E61-45A1-B5C3-3349F93E999D}.Debug|Any CPU.Build.0 = Debug|Any CPU
		{EA18B5CF-5E61-45A1-B5C3-3349F93E999D}.Release|Any CPU.ActiveCfg = Release|Any CPU
		{EA18B5CF-5E61-45A1-B5C3-3349F93E999D}.Release|Any CPU.Build.0 = Release|Any CPU
		{A2C734B8-5632-4F93-BB22-B093F7710B74}.Debug|Any CPU.ActiveCfg = Debug|Any CPU
		{A2C734B8-5632-4F93-BB22-B093F7710B74}.Debug|Any CPU.Build.0 = Debug|Any CPU
		{A2C734B8-5632-4F93-BB22-B093F7710B74}.Release|Any CPU.ActiveCfg = Release|Any CPU
		{A2C734B8-5632-4F93-BB22-B093F7710B74}.Release|Any CPU.Build.0 = Release|Any CPU
	EndGlobalSection
	GlobalSection(SolutionProperties) = preSolution
		HideSolutionNode = FALSE
	EndGlobalSection
	GlobalSection(ExtensibilityGlobals) = postSolution
		SolutionGuid = {ED0B7D08-1CF7-4080-98C8-0BA9082166B0}
	EndGlobalSection
EndGlobal
